
Microsoft Visual Studio Solution File, Format Version 12.00
# Visual Studio 15
VisualStudioVersion = 15.0.27004.2005
MinimumVisualStudioVersion = 10.0.40219.1
Project("{888888A0-9F3D-457C-B088-3A5042F75D52}") = "EmployeeMaintenanceWebService", "EmployeeMaintenanceWebService\EmployeeMaintenanceWebService.pyproj", "{9EABCFE9-4C93-4E35-9A96-39EDC949BAF6}"
EndProject
Global
	GlobalSection(SolutionConfigurationPlatforms) = preSolution
		Debug|Any CPU = Debug|Any CPU
		Release|Any CPU = Release|Any CPU
	EndGlobalSection
	GlobalSection(ProjectConfigurationPlatforms) = postSolution
		{9EABCFE9-4C93-4E35-9A96-39EDC949BAF6}.Debug|Any CPU.ActiveCfg = Debug|Any CPU
		{9EABCFE9-4C93-4E35-9A96-39EDC949BAF6}.Release|Any CPU.ActiveCfg = Release|Any CPU
	EndGlobalSection
	GlobalSection(SolutionProperties) = preSolution
		HideSolutionNode = FALSE
	EndGlobalSection
	GlobalSection(ExtensibilityGlobals) = postSolution
		SolutionGuid = {EE5265B1-AF74-4E8E-85EA-5D892B2E95A0}
	EndGlobalSection
EndGlobal
